{
  "name": "dita-bootstrap.lunr",
  "lockfileVersion": 2,
  "requires": true,
  "packages": {
    "": {
      "name": "dita-bootstrap.lunr",
      "license": "Apache-2.0",
      "devDependencies": {
        "@prettier/plugin-xml": "3.4.1",
        "lefthook": "^1.8.2",
        "lunr": "^2.3.9",
        "lunr-languages": "^1.14.0",
        "prettier": "3.4.1"
      }
    },
    "node_modules/@prettier/plugin-xml": {
      "version": "3.4.1",
      "resolved": "https://registry.npmjs.org/@prettier/plugin-xml/-/plugin-xml-3.4.1.tgz",
      "integrity": "sha512-Uf/6/+9ez6z/IvZErgobZ2G9n1ybxF5BhCd7eMcKqfoWuOzzNUxBipNo3QAP8kRC1VD18TIo84no7LhqtyDcTg==",
      "dev": true,
      "dependencies": {
        "@xml-tools/parser": "^1.0.11"
      },
      "peerDependencies": {
        "prettier": "^3.0.0"
      }
    },
    "node_modules/@xml-tools/parser": {
      "version": "1.0.11",
      "resolved": "https://registry.npmjs.org/@xml-tools/parser/-/parser-1.0.11.tgz",
      "integrity": "sha512-aKqQ077XnR+oQtHJlrAflaZaL7qZsulWc/i/ZEooar5JiWj1eLt0+Wg28cpa+XLney107wXqneC+oG1IZvxkTA==",
      "dev": true,
      "dependencies": {
        "chevrotain": "7.1.1"
      }
    },
    "node_modules/chevrotain": {
      "version": "7.1.1",
      "resolved": "https://registry.npmjs.org/chevrotain/-/chevrotain-7.1.1.tgz",
      "integrity": "sha512-wy3mC1x4ye+O+QkEinVJkPf5u2vsrDIYW9G7ZuwFl6v/Yu0LwUuT2POsb+NUWApebyxfkQq6+yDfRExbnI5rcw==",
      "dev": true,
      "dependencies": {
        "regexp-to-ast": "0.5.0"
      }
    },
    "node_modules/lefthook": {
      "version": "1.8.2",
      "resolved": "https://registry.npmjs.org/lefthook/-/lefthook-1.8.2.tgz",
      "integrity": "sha512-lMXbcFHNDr+gzy/7ghuJDVB/Yyycj+ZL/7pN3Gm/s5Xqrc9+5sj3IrDAPylcEJ1cKCbUnXbwESrhhqpcYv4d4g==",
      "dev": true,
      "hasInstallScript": true,
      "license": "MIT",
      "bin": {
        "lefthook": "bin/index.js"
      },
      "optionalDependencies": {
        "lefthook-darwin-arm64": "1.8.2",
        "lefthook-darwin-x64": "1.8.2",
        "lefthook-freebsd-arm64": "1.8.2",
        "lefthook-freebsd-x64": "1.8.2",
        "lefthook-linux-arm64": "1.8.2",
        "lefthook-linux-x64": "1.8.2",
        "lefthook-openbsd-arm64": "1.8.2",
        "lefthook-openbsd-x64": "1.8.2",
        "lefthook-windows-arm64": "1.8.2",
        "lefthook-windows-x64": "1.8.2"
      }
    },
    "node_modules/lefthook-darwin-arm64": {
      "version": "1.8.2",
      "resolved": "https://registry.npmjs.org/lefthook-darwin-arm64/-/lefthook-darwin-arm64-1.8.2.tgz",
      "integrity": "sha512-g41SoFUv8SzHpG1NOPkHUEPhC1tJM5FF3Vo+HESmLmL9cDfd7JncHFPy59rVnC9Q8nOS0rvoik5HTq+3/wcfww==",
      "cpu": [
        "arm64"
      ],
      "dev": true,
      "license": "MIT",
      "optional": true,
      "os": [
        "darwin"
      ]
    },
    "node_modules/lefthook-darwin-x64": {
      "version": "1.8.2",
      "resolved": "https://registry.npmjs.org/lefthook-darwin-x64/-/lefthook-darwin-x64-1.8.2.tgz",
      "integrity": "sha512-IlCm4PrA/aAZ1MChiExYTbladC87GaxmYHOMHCeChLecqn+lypAuiYLgf7w5r2s3MjH5rbXImfU925NRKi6RXQ==",
      "cpu": [
        "x64"
      ],
      "dev": true,
      "license": "MIT",
      "optional": true,
      "os": [
        "darwin"
      ]
    },
    "node_modules/lefthook-freebsd-arm64": {
      "version": "1.8.2",
      "resolved": "https://registry.npmjs.org/lefthook-freebsd-arm64/-/lefthook-freebsd-arm64-1.8.2.tgz",
      "integrity": "sha512-f7AIvuIEXUUR1ZutIFxjYKFDAVUBrdsLm+cbwOCjdfpJh7j2Fjg6nKXbDcglPXlX9Ix+nw9pHbJE2DAgzkI1Vw==",
      "cpu": [
        "arm64"
      ],
      "dev": true,
      "license": "MIT",
      "optional": true,
      "os": [
        "freebsd"
      ]
    },
    "node_modules/lefthook-freebsd-x64": {
      "version": "1.8.2",
      "resolved": "https://registry.npmjs.org/lefthook-freebsd-x64/-/lefthook-freebsd-x64-1.8.2.tgz",
      "integrity": "sha512-DSDL64fRLSNSWOa1y2bGXwXPiwU1fbAXpj63j6jeQ0jkgu6k+3XL/PBXKh80cI6MvCKz/KQKCtIencXZZ2Ua4Q==",
      "cpu": [
        "x64"
      ],
      "dev": true,
      "license": "MIT",
      "optional": true,
      "os": [
        "freebsd"
      ]
    },
    "node_modules/lefthook-linux-arm64": {
      "version": "1.8.2",
      "resolved": "https://registry.npmjs.org/lefthook-linux-arm64/-/lefthook-linux-arm64-1.8.2.tgz",
      "integrity": "sha512-sJ95X+ZH8ayIE7ApiGEq5ZF9KGA+eKiocJU+536bLbAIHw5WjGmv2x3llFqUxH/zAmLe3k542oZ4d84wEO0EGQ==",
      "cpu": [
        "arm64"
      ],
      "dev": true,
      "license": "MIT",
      "optional": true,
      "os": [
        "linux"
      ]
    },
    "node_modules/lefthook-linux-x64": {
      "version": "1.8.2",
      "resolved": "https://registry.npmjs.org/lefthook-linux-x64/-/lefthook-linux-x64-1.8.2.tgz",
      "integrity": "sha512-2eirc61M0WjlbSHamAgGf9iWsQTYz4IT6PAPm66vUaeG34+5D66xFicIV6pK2niRGUOPtNs8Kt4lboKtW+ba5g==",
      "cpu": [
        "x64"
      ],
      "dev": true,
      "license": "MIT",
      "optional": true,
      "os": [
        "linux"
      ]
    },
    "node_modules/lefthook-openbsd-arm64": {
      "version": "1.8.2",
      "resolved": "https://registry.npmjs.org/lefthook-openbsd-arm64/-/lefthook-openbsd-arm64-1.8.2.tgz",
      "integrity": "sha512-ZMop7htaSwP3MiL06WHUV36EX05N33o0WzNzC8NO5KEubn8Z74vbXcaq6qYezmgi+erkG6dtTnlbcZy5PFvFIA==",
      "cpu": [
        "arm64"
      ],
      "dev": true,
      "license": "MIT",
      "optional": true,
      "os": [
        "openbsd"
      ]
    },
    "node_modules/lefthook-openbsd-x64": {
      "version": "1.8.2",
      "resolved": "https://registry.npmjs.org/lefthook-openbsd-x64/-/lefthook-openbsd-x64-1.8.2.tgz",
      "integrity": "sha512-jXFoxmpYXO6ZafgQJVvk3MYlRgOBJD3n7H8A1Bj1E2yrLzOhKevUKlTNwZTxQdxlnvoo33yD6SjVSujZavEGpw==",
      "cpu": [
        "x64"
      ],
      "dev": true,
      "license": "MIT",
      "optional": true,
      "os": [
        "openbsd"
      ]
    },
    "node_modules/lefthook-windows-arm64": {
      "version": "1.8.2",
      "resolved": "https://registry.npmjs.org/lefthook-windows-arm64/-/lefthook-windows-arm64-1.8.2.tgz",
      "integrity": "sha512-hsQUSk6kmB8E0UMD3Mk6ROoa7qv6XmigfPsn9tFjmbZ2aO+kpBfWitZ5v+gcjNp44yaECs3YTMIfv3QFwXlRCw==",
      "cpu": [
        "arm64"
      ],
      "dev": true,
      "license": "MIT",
      "optional": true,
      "os": [
        "win32"
      ]
    },
    "node_modules/lefthook-windows-x64": {
      "version": "1.8.2",
      "resolved": "https://registry.npmjs.org/lefthook-windows-x64/-/lefthook-windows-x64-1.8.2.tgz",
      "integrity": "sha512-YypbMhvgAtkL7y+O3OlF81vwua7X4jloBz5hO3fILAuzaGAiPE1VbeuqRweV8VuKK4L/ZVVKqmpesygBUNDp9w==",
      "cpu": [
        "x64"
      ],
      "dev": true,
      "license": "MIT",
      "optional": true,
      "os": [
        "win32"
      ]
    },
    "node_modules/lunr": {
      "version": "2.3.9",
      "resolved": "https://registry.npmjs.org/lunr/-/lunr-2.3.9.tgz",
      "integrity": "sha512-zTU3DaZaF3Rt9rhN3uBMGQD3dD2/vFQqnvZCDv4dl5iOzq2IZQqTxu90r4E5J+nP70J3ilqVCrbho2eWaeW8Ow==",
      "dev": true
    },
    "node_modules/lunr-languages": {
      "version": "1.14.0",
      "resolved": "https://registry.npmjs.org/lunr-languages/-/lunr-languages-1.14.0.tgz",
      "integrity": "sha512-hWUAb2KqM3L7J5bcrngszzISY4BxrXn/Xhbb9TTCJYEGqlR1nG67/M14sp09+PTIRklobrn57IAxcdcO/ZFyNA==",
      "dev": true
    },
    "node_modules/prettier": {
      "version": "3.4.1",
      "resolved": "https://registry.npmjs.org/prettier/-/prettier-3.4.1.tgz",
      "integrity": "sha512-G+YdqtITVZmOJje6QkXQWzl3fSfMxFwm1tjTyo9exhkmWSqC4Yhd1+lug++IlR2mvRVAxEDDWYkQdeSztajqgg==",
      "dev": true,
      "bin": {
        "prettier": "bin/prettier.cjs"
      },
      "engines": {
        "node": ">=14"
      },
      "funding": {
        "url": "https://github.com/prettier/prettier?sponsor=1"
      }
    },
    "node_modules/regexp-to-ast": {
      "version": "0.5.0",
      "resolved": "https://registry.npmjs.org/regexp-to-ast/-/regexp-to-ast-0.5.0.tgz",
      "integrity": "sha512-tlbJqcMHnPKI9zSrystikWKwHkBqu2a/Sgw01h3zFjvYrMxEDYHzzoMZnUrbIfpTFEsoRnnviOXNCzFiSc54Qw==",
      "dev": true
    }
  },
  "dependencies": {
    "@prettier/plugin-xml": {
      "version": "3.4.1",
      "resolved": "https://registry.npmjs.org/@prettier/plugin-xml/-/plugin-xml-3.4.1.tgz",
      "integrity": "sha512-Uf/6/+9ez6z/IvZErgobZ2G9n1ybxF5BhCd7eMcKqfoWuOzzNUxBipNo3QAP8kRC1VD18TIo84no7LhqtyDcTg==",
      "dev": true,
      "requires": {
        "@xml-tools/parser": "^1.0.11"
      }
    },
    "@xml-tools/parser": {
      "version": "1.0.11",
      "resolved": "https://registry.npmjs.org/@xml-tools/parser/-/parser-1.0.11.tgz",
      "integrity": "sha512-aKqQ077XnR+oQtHJlrAflaZaL7qZsulWc/i/ZEooar5JiWj1eLt0+Wg28cpa+XLney107wXqneC+oG1IZvxkTA==",
      "dev": true,
      "requires": {
        "chevrotain": "7.1.1"
      }
    },
    "chevrotain": {
      "version": "7.1.1",
      "resolved": "https://registry.npmjs.org/chevrotain/-/chevrotain-7.1.1.tgz",
      "integrity": "sha512-wy3mC1x4ye+O+QkEinVJkPf5u2vsrDIYW9G7ZuwFl6v/Yu0LwUuT2POsb+NUWApebyxfkQq6+yDfRExbnI5rcw==",
      "dev": true,
      "requires": {
        "regexp-to-ast": "0.5.0"
      }
    },
    "lefthook": {
      "version": "1.8.2",
      "resolved": "https://registry.npmjs.org/lefthook/-/lefthook-1.8.2.tgz",
      "integrity": "sha512-lMXbcFHNDr+gzy/7ghuJDVB/Yyycj+ZL/7pN3Gm/s5Xqrc9+5sj3IrDAPylcEJ1cKCbUnXbwESrhhqpcYv4d4g==",
      "dev": true,
      "requires": {
        "lefthook-darwin-arm64": "1.8.2",
        "lefthook-darwin-x64": "1.8.2",
        "lefthook-freebsd-arm64": "1.8.2",
        "lefthook-freebsd-x64": "1.8.2",
        "lefthook-linux-arm64": "1.8.2",
        "lefthook-linux-x64": "1.8.2",
        "lefthook-openbsd-arm64": "1.8.2",
        "lefthook-openbsd-x64": "1.8.2",
        "lefthook-windows-arm64": "1.8.2",
        "lefthook-windows-x64": "1.8.2"
      }
    },
    "lefthook-darwin-arm64": {
      "version": "1.8.2",
      "resolved": "https://registry.npmjs.org/lefthook-darwin-arm64/-/lefthook-darwin-arm64-1.8.2.tgz",
      "integrity": "sha512-g41SoFUv8SzHpG1NOPkHUEPhC1tJM5FF3Vo+HESmLmL9cDfd7JncHFPy59rVnC9Q8nOS0rvoik5HTq+3/wcfww==",
      "dev": true,
      "optional": true
    },
    "lefthook-darwin-x64": {
      "version": "1.8.2",
      "resolved": "https://registry.npmjs.org/lefthook-darwin-x64/-/lefthook-darwin-x64-1.8.2.tgz",
      "integrity": "sha512-IlCm4PrA/aAZ1MChiExYTbladC87GaxmYHOMHCeChLecqn+lypAuiYLgf7w5r2s3MjH5rbXImfU925NRKi6RXQ==",
      "dev": true,
      "optional": true
    },
    "lefthook-freebsd-arm64": {
      "version": "1.8.2",
      "resolved": "https://registry.npmjs.org/lefthook-freebsd-arm64/-/lefthook-freebsd-arm64-1.8.2.tgz",
      "integrity": "sha512-f7AIvuIEXUUR1ZutIFxjYKFDAVUBrdsLm+cbwOCjdfpJh7j2Fjg6nKXbDcglPXlX9Ix+nw9pHbJE2DAgzkI1Vw==",
      "dev": true,
      "optional": true
    },
    "lefthook-freebsd-x64": {
      "version": "1.8.2",
      "resolved": "https://registry.npmjs.org/lefthook-freebsd-x64/-/lefthook-freebsd-x64-1.8.2.tgz",
      "integrity": "sha512-DSDL64fRLSNSWOa1y2bGXwXPiwU1fbAXpj63j6jeQ0jkgu6k+3XL/PBXKh80cI6MvCKz/KQKCtIencXZZ2Ua4Q==",
      "dev": true,
      "optional": true
    },
    "lefthook-linux-arm64": {
      "version": "1.8.2",
      "resolved": "https://registry.npmjs.org/lefthook-linux-arm64/-/lefthook-linux-arm64-1.8.2.tgz",
      "integrity": "sha512-sJ95X+ZH8ayIE7ApiGEq5ZF9KGA+eKiocJU+536bLbAIHw5WjGmv2x3llFqUxH/zAmLe3k542oZ4d84wEO0EGQ==",
      "dev": true,
      "optional": true
    },
    "lefthook-linux-x64": {
      "version": "1.8.2",
      "resolved": "https://registry.npmjs.org/lefthook-linux-x64/-/lefthook-linux-x64-1.8.2.tgz",
      "integrity": "sha512-2eirc61M0WjlbSHamAgGf9iWsQTYz4IT6PAPm66vUaeG34+5D66xFicIV6pK2niRGUOPtNs8Kt4lboKtW+ba5g==",
      "dev": true,
      "optional": true
    },
    "lefthook-openbsd-arm64": {
      "version": "1.8.2",
      "resolved": "https://registry.npmjs.org/lefthook-openbsd-arm64/-/lefthook-openbsd-arm64-1.8.2.tgz",
      "integrity": "sha512-ZMop7htaSwP3MiL06WHUV36EX05N33o0WzNzC8NO5KEubn8Z74vbXcaq6qYezmgi+erkG6dtTnlbcZy5PFvFIA==",
      "dev": true,
      "optional": true
    },
    "lefthook-openbsd-x64": {
      "version": "1.8.2",
      "resolved": "https://registry.npmjs.org/lefthook-openbsd-x64/-/lefthook-openbsd-x64-1.8.2.tgz",
      "integrity": "sha512-jXFoxmpYXO6ZafgQJVvk3MYlRgOBJD3n7H8A1Bj1E2yrLzOhKevUKlTNwZTxQdxlnvoo33yD6SjVSujZavEGpw==",
      "dev": true,
      "optional": true
    },
    "lefthook-windows-arm64": {
      "version": "1.8.2",
      "resolved": "https://registry.npmjs.org/lefthook-windows-arm64/-/lefthook-windows-arm64-1.8.2.tgz",
      "integrity": "sha512-hsQUSk6kmB8E0UMD3Mk6ROoa7qv6XmigfPsn9tFjmbZ2aO+kpBfWitZ5v+gcjNp44yaECs3YTMIfv3QFwXlRCw==",
      "dev": true,
      "optional": true
    },
    "lefthook-windows-x64": {
      "version": "1.8.2",
      "resolved": "https://registry.npmjs.org/lefthook-windows-x64/-/lefthook-windows-x64-1.8.2.tgz",
      "integrity": "sha512-YypbMhvgAtkL7y+O3OlF81vwua7X4jloBz5hO3fILAuzaGAiPE1VbeuqRweV8VuKK4L/ZVVKqmpesygBUNDp9w==",
      "dev": true,
      "optional": true
    },
    "lunr": {
      "version": "2.3.9",
      "resolved": "https://registry.npmjs.org/lunr/-/lunr-2.3.9.tgz",
      "integrity": "sha512-zTU3DaZaF3Rt9rhN3uBMGQD3dD2/vFQqnvZCDv4dl5iOzq2IZQqTxu90r4E5J+nP70J3ilqVCrbho2eWaeW8Ow==",
      "dev": true
    },
    "lunr-languages": {
      "version": "1.14.0",
      "resolved": "https://registry.npmjs.org/lunr-languages/-/lunr-languages-1.14.0.tgz",
      "integrity": "sha512-hWUAb2KqM3L7J5bcrngszzISY4BxrXn/Xhbb9TTCJYEGqlR1nG67/M14sp09+PTIRklobrn57IAxcdcO/ZFyNA==",
      "dev": true
    },
    "prettier": {
      "version": "3.4.1",
      "resolved": "https://registry.npmjs.org/prettier/-/prettier-3.4.1.tgz",
      "integrity": "sha512-G+YdqtITVZmOJje6QkXQWzl3fSfMxFwm1tjTyo9exhkmWSqC4Yhd1+lug++IlR2mvRVAxEDDWYkQdeSztajqgg==",
      "dev": true
    },
    "regexp-to-ast": {
      "version": "0.5.0",
      "resolved": "https://registry.npmjs.org/regexp-to-ast/-/regexp-to-ast-0.5.0.tgz",
      "integrity": "sha512-tlbJqcMHnPKI9zSrystikWKwHkBqu2a/Sgw01h3zFjvYrMxEDYHzzoMZnUrbIfpTFEsoRnnviOXNCzFiSc54Qw==",
      "dev": true
    }
  }
}
