{
  "name": "dita-bootstrap.lunr",
  "lockfileVersion": 2,
  "requires": true,
  "packages": {
    "": {
      "name": "dita-bootstrap.lunr",
      "license": "Apache-2.0",
      "devDependencies": {
        "@prettier/plugin-xml": "3.4.1",
        "lefthook": "^1.11.2",
        "lunr": "^2.3.9",
        "lunr-languages": "^1.14.0",
        "prettier": "3.5.3"
      }
    },
    "node_modules/@prettier/plugin-xml": {
      "version": "3.4.1",
      "resolved": "https://registry.npmjs.org/@prettier/plugin-xml/-/plugin-xml-3.4.1.tgz",
      "integrity": "sha512-Uf/6/+9ez6z/IvZErgobZ2G9n1ybxF5BhCd7eMcKqfoWuOzzNUxBipNo3QAP8kRC1VD18TIo84no7LhqtyDcTg==",
      "dev": true,
      "dependencies": {
        "@xml-tools/parser": "^1.0.11"
      },
      "peerDependencies": {
        "prettier": "^3.0.0"
      }
    },
    "node_modules/@xml-tools/parser": {
      "version": "1.0.11",
      "resolved": "https://registry.npmjs.org/@xml-tools/parser/-/parser-1.0.11.tgz",
      "integrity": "sha512-aKqQ077XnR+oQtHJlrAflaZaL7qZsulWc/i/ZEooar5JiWj1eLt0+Wg28cpa+XLney107wXqneC+oG1IZvxkTA==",
      "dev": true,
      "dependencies": {
        "chevrotain": "7.1.1"
      }
    },
    "node_modules/chevrotain": {
      "version": "7.1.1",
      "resolved": "https://registry.npmjs.org/chevrotain/-/chevrotain-7.1.1.tgz",
      "integrity": "sha512-wy3mC1x4ye+O+QkEinVJkPf5u2vsrDIYW9G7ZuwFl6v/Yu0LwUuT2POsb+NUWApebyxfkQq6+yDfRExbnI5rcw==",
      "dev": true,
      "dependencies": {
        "regexp-to-ast": "0.5.0"
      }
    },
    "node_modules/lefthook": {
      "version": "1.11.2",
      "resolved": "https://registry.npmjs.org/lefthook/-/lefthook-1.11.2.tgz",
      "integrity": "sha512-/5royc/WbL2KTfFJ54wEdvxUZOBXwc54v/fW2Bz4LMOkAA3LWIxnoUiybSiauu+nhdTG98qERxH1YHwF2wZlAA==",
      "dev": true,
      "hasInstallScript": true,
      "license": "MIT",
      "bin": {
        "lefthook": "bin/index.js"
      },
      "optionalDependencies": {
        "lefthook-darwin-arm64": "1.11.2",
        "lefthook-darwin-x64": "1.11.2",
        "lefthook-freebsd-arm64": "1.11.2",
        "lefthook-freebsd-x64": "1.11.2",
        "lefthook-linux-arm64": "1.11.2",
        "lefthook-linux-x64": "1.11.2",
        "lefthook-openbsd-arm64": "1.11.2",
        "lefthook-openbsd-x64": "1.11.2",
        "lefthook-windows-arm64": "1.11.2",
        "lefthook-windows-x64": "1.11.2"
      }
    },
    "node_modules/lefthook-darwin-arm64": {
      "version": "1.11.2",
      "resolved": "https://registry.npmjs.org/lefthook-darwin-arm64/-/lefthook-darwin-arm64-1.11.2.tgz",
      "integrity": "sha512-8DpvrybtWdt6UmfZk+hA8daYXr6zkpJVogZ8M49BQx6ISSKUaC03xzO1m4MrAsoKok77ka4JAidYhOa2gCu15A==",
      "cpu": [
        "arm64"
      ],
      "dev": true,
      "license": "MIT",
      "optional": true,
      "os": [
        "darwin"
      ]
    },
    "node_modules/lefthook-darwin-x64": {
      "version": "1.11.2",
      "resolved": "https://registry.npmjs.org/lefthook-darwin-x64/-/lefthook-darwin-x64-1.11.2.tgz",
      "integrity": "sha512-DrL1SOT8lJksjudRu6fTZTp3M0EbpCP2RQ22MDT71clS8BMrFL8x3h9Ziw+uNH76j9zA241tW5zMxWMSv+foAA==",
      "cpu": [
        "x64"
      ],
      "dev": true,
      "license": "MIT",
      "optional": true,
      "os": [
        "darwin"
      ]
    },
    "node_modules/lefthook-freebsd-arm64": {
      "version": "1.11.2",
      "resolved": "https://registry.npmjs.org/lefthook-freebsd-arm64/-/lefthook-freebsd-arm64-1.11.2.tgz",
      "integrity": "sha512-AliG4Wi8BNC27hCSnuFBeUXh/eA3fppnUbQQPISy/G94yfwRkzyml9MZzvb7HKmUpw1LT0sq9RQ6FQPxBZ2DYA==",
      "cpu": [
        "arm64"
      ],
      "dev": true,
      "license": "MIT",
      "optional": true,
      "os": [
        "freebsd"
      ]
    },
    "node_modules/lefthook-freebsd-x64": {
      "version": "1.11.2",
      "resolved": "https://registry.npmjs.org/lefthook-freebsd-x64/-/lefthook-freebsd-x64-1.11.2.tgz",
      "integrity": "sha512-V6cgRCoi5+jcq6XBIdRYraeEOK1UhBrtL/XZlNypAIkhPoBtfTP9u2wSprGMDzZvJCRriLXZxV/d0v94laKXzA==",
      "cpu": [
        "x64"
      ],
      "dev": true,
      "license": "MIT",
      "optional": true,
      "os": [
        "freebsd"
      ]
    },
    "node_modules/lefthook-linux-arm64": {
      "version": "1.11.2",
      "resolved": "https://registry.npmjs.org/lefthook-linux-arm64/-/lefthook-linux-arm64-1.11.2.tgz",
      "integrity": "sha512-VKcK7sjIK8UpXX/qK6Fxa0Lnwr4gzRtlXDS17jzxThcyFk8iGBpQ+9ZnPLv2yAaEIzmGhJUG9sDgOb9IQ5kpBQ==",
      "cpu": [
        "arm64"
      ],
      "dev": true,
      "license": "MIT",
      "optional": true,
      "os": [
        "linux"
      ]
    },
    "node_modules/lefthook-linux-x64": {
      "version": "1.11.2",
      "resolved": "https://registry.npmjs.org/lefthook-linux-x64/-/lefthook-linux-x64-1.11.2.tgz",
      "integrity": "sha512-aGa2Krph14YwSW7KF0PrlCBK9P7V/Z4oFklonmz3r2Fjm8EdhA750y7OQvA9KerXRleIb5SaUH/cz1azG/izeQ==",
      "cpu": [
        "x64"
      ],
      "dev": true,
      "license": "MIT",
      "optional": true,
      "os": [
        "linux"
      ]
    },
    "node_modules/lefthook-openbsd-arm64": {
      "version": "1.11.2",
      "resolved": "https://registry.npmjs.org/lefthook-openbsd-arm64/-/lefthook-openbsd-arm64-1.11.2.tgz",
      "integrity": "sha512-f7owNQ9Ki6Y07KBgdXdH28EYO0eBdZuGTpIggMeHNhYFVDavxuINP2BjmbXtzpUu8K5BX6exGx0umtWhRhXbvQ==",
      "cpu": [
        "arm64"
      ],
      "dev": true,
      "license": "MIT",
      "optional": true,
      "os": [
        "openbsd"
      ]
    },
    "node_modules/lefthook-openbsd-x64": {
      "version": "1.11.2",
      "resolved": "https://registry.npmjs.org/lefthook-openbsd-x64/-/lefthook-openbsd-x64-1.11.2.tgz",
      "integrity": "sha512-HKv6PV64vOjqPrlxAqo07N9+Z34jdPDBfeExqi0ldR7vACFaBJFIdhWCLLP+3uQUrNKc8GXlikqplZn8MgRSQw==",
      "cpu": [
        "x64"
      ],
      "dev": true,
      "license": "MIT",
      "optional": true,
      "os": [
        "openbsd"
      ]
    },
    "node_modules/lefthook-windows-arm64": {
      "version": "1.11.2",
      "resolved": "https://registry.npmjs.org/lefthook-windows-arm64/-/lefthook-windows-arm64-1.11.2.tgz",
      "integrity": "sha512-042jCKZ/H+lS6XYoMIf2FWMP2hxXqfAT52UW6lYObIOvQ5xu/epUXFjtmXRyYxCv57No3JYYMg1Yr06xdzTKkQ==",
      "cpu": [
        "arm64"
      ],
      "dev": true,
      "license": "MIT",
      "optional": true,
      "os": [
        "win32"
      ]
    },
    "node_modules/lefthook-windows-x64": {
      "version": "1.11.2",
      "resolved": "https://registry.npmjs.org/lefthook-windows-x64/-/lefthook-windows-x64-1.11.2.tgz",
      "integrity": "sha512-1Map6Ck2AyfY6ptN9T19N41HFKFqRTzmILtGaRGJABEzHiE4+gSWcq5YT1R6cCtkVlewD3Lx+J/80D/Kb/cVtw==",
      "cpu": [
        "x64"
      ],
      "dev": true,
      "license": "MIT",
      "optional": true,
      "os": [
        "win32"
      ]
    },
    "node_modules/lunr": {
      "version": "2.3.9",
      "resolved": "https://registry.npmjs.org/lunr/-/lunr-2.3.9.tgz",
      "integrity": "sha512-zTU3DaZaF3Rt9rhN3uBMGQD3dD2/vFQqnvZCDv4dl5iOzq2IZQqTxu90r4E5J+nP70J3ilqVCrbho2eWaeW8Ow==",
      "dev": true
    },
    "node_modules/lunr-languages": {
      "version": "1.14.0",
      "resolved": "https://registry.npmjs.org/lunr-languages/-/lunr-languages-1.14.0.tgz",
      "integrity": "sha512-hWUAb2KqM3L7J5bcrngszzISY4BxrXn/Xhbb9TTCJYEGqlR1nG67/M14sp09+PTIRklobrn57IAxcdcO/ZFyNA==",
      "dev": true
    },
    "node_modules/prettier": {
      "version": "3.5.3",
      "resolved": "https://registry.npmjs.org/prettier/-/prettier-3.5.3.tgz",
      "integrity": "sha512-QQtaxnoDJeAkDvDKWCLiwIXkTgRhwYDEQCghU9Z6q03iyek/rxRh/2lC3HB7P8sWT2xC/y5JDctPLBIGzHKbhw==",
      "dev": true,
      "license": "MIT",
      "bin": {
        "prettier": "bin/prettier.cjs"
      },
      "engines": {
        "node": ">=14"
      },
      "funding": {
        "url": "https://github.com/prettier/prettier?sponsor=1"
      }
    },
    "node_modules/regexp-to-ast": {
      "version": "0.5.0",
      "resolved": "https://registry.npmjs.org/regexp-to-ast/-/regexp-to-ast-0.5.0.tgz",
      "integrity": "sha512-tlbJqcMHnPKI9zSrystikWKwHkBqu2a/Sgw01h3zFjvYrMxEDYHzzoMZnUrbIfpTFEsoRnnviOXNCzFiSc54Qw==",
      "dev": true
    }
  },
  "dependencies": {
    "@prettier/plugin-xml": {
      "version": "3.4.1",
      "resolved": "https://registry.npmjs.org/@prettier/plugin-xml/-/plugin-xml-3.4.1.tgz",
      "integrity": "sha512-Uf/6/+9ez6z/IvZErgobZ2G9n1ybxF5BhCd7eMcKqfoWuOzzNUxBipNo3QAP8kRC1VD18TIo84no7LhqtyDcTg==",
      "dev": true,
      "requires": {
        "@xml-tools/parser": "^1.0.11"
      }
    },
    "@xml-tools/parser": {
      "version": "1.0.11",
      "resolved": "https://registry.npmjs.org/@xml-tools/parser/-/parser-1.0.11.tgz",
      "integrity": "sha512-aKqQ077XnR+oQtHJlrAflaZaL7qZsulWc/i/ZEooar5JiWj1eLt0+Wg28cpa+XLney107wXqneC+oG1IZvxkTA==",
      "dev": true,
      "requires": {
        "chevrotain": "7.1.1"
      }
    },
    "chevrotain": {
      "version": "7.1.1",
      "resolved": "https://registry.npmjs.org/chevrotain/-/chevrotain-7.1.1.tgz",
      "integrity": "sha512-wy3mC1x4ye+O+QkEinVJkPf5u2vsrDIYW9G7ZuwFl6v/Yu0LwUuT2POsb+NUWApebyxfkQq6+yDfRExbnI5rcw==",
      "dev": true,
      "requires": {
        "regexp-to-ast": "0.5.0"
      }
    },
    "lefthook": {
      "version": "1.11.2",
      "resolved": "https://registry.npmjs.org/lefthook/-/lefthook-1.11.2.tgz",
      "integrity": "sha512-/5royc/WbL2KTfFJ54wEdvxUZOBXwc54v/fW2Bz4LMOkAA3LWIxnoUiybSiauu+nhdTG98qERxH1YHwF2wZlAA==",
      "dev": true,
      "requires": {
        "lefthook-darwin-arm64": "1.11.2",
        "lefthook-darwin-x64": "1.11.2",
        "lefthook-freebsd-arm64": "1.11.2",
        "lefthook-freebsd-x64": "1.11.2",
        "lefthook-linux-arm64": "1.11.2",
        "lefthook-linux-x64": "1.11.2",
        "lefthook-openbsd-arm64": "1.11.2",
        "lefthook-openbsd-x64": "1.11.2",
        "lefthook-windows-arm64": "1.11.2",
        "lefthook-windows-x64": "1.11.2"
      }
    },
    "lefthook-darwin-arm64": {
      "version": "1.11.2",
      "resolved": "https://registry.npmjs.org/lefthook-darwin-arm64/-/lefthook-darwin-arm64-1.11.2.tgz",
      "integrity": "sha512-8DpvrybtWdt6UmfZk+hA8daYXr6zkpJVogZ8M49BQx6ISSKUaC03xzO1m4MrAsoKok77ka4JAidYhOa2gCu15A==",
      "dev": true,
      "optional": true
    },
    "lefthook-darwin-x64": {
      "version": "1.11.2",
      "resolved": "https://registry.npmjs.org/lefthook-darwin-x64/-/lefthook-darwin-x64-1.11.2.tgz",
      "integrity": "sha512-DrL1SOT8lJksjudRu6fTZTp3M0EbpCP2RQ22MDT71clS8BMrFL8x3h9Ziw+uNH76j9zA241tW5zMxWMSv+foAA==",
      "dev": true,
      "optional": true
    },
    "lefthook-freebsd-arm64": {
      "version": "1.11.2",
      "resolved": "https://registry.npmjs.org/lefthook-freebsd-arm64/-/lefthook-freebsd-arm64-1.11.2.tgz",
      "integrity": "sha512-AliG4Wi8BNC27hCSnuFBeUXh/eA3fppnUbQQPISy/G94yfwRkzyml9MZzvb7HKmUpw1LT0sq9RQ6FQPxBZ2DYA==",
      "dev": true,
      "optional": true
    },
    "lefthook-freebsd-x64": {
      "version": "1.11.2",
      "resolved": "https://registry.npmjs.org/lefthook-freebsd-x64/-/lefthook-freebsd-x64-1.11.2.tgz",
      "integrity": "sha512-V6cgRCoi5+jcq6XBIdRYraeEOK1UhBrtL/XZlNypAIkhPoBtfTP9u2wSprGMDzZvJCRriLXZxV/d0v94laKXzA==",
      "dev": true,
      "optional": true
    },
    "lefthook-linux-arm64": {
      "version": "1.11.2",
      "resolved": "https://registry.npmjs.org/lefthook-linux-arm64/-/lefthook-linux-arm64-1.11.2.tgz",
      "integrity": "sha512-VKcK7sjIK8UpXX/qK6Fxa0Lnwr4gzRtlXDS17jzxThcyFk8iGBpQ+9ZnPLv2yAaEIzmGhJUG9sDgOb9IQ5kpBQ==",
      "dev": true,
      "optional": true
    },
    "lefthook-linux-x64": {
      "version": "1.11.2",
      "resolved": "https://registry.npmjs.org/lefthook-linux-x64/-/lefthook-linux-x64-1.11.2.tgz",
      "integrity": "sha512-aGa2Krph14YwSW7KF0PrlCBK9P7V/Z4oFklonmz3r2Fjm8EdhA750y7OQvA9KerXRleIb5SaUH/cz1azG/izeQ==",
      "dev": true,
      "optional": true
    },
    "lefthook-openbsd-arm64": {
      "version": "1.11.2",
      "resolved": "https://registry.npmjs.org/lefthook-openbsd-arm64/-/lefthook-openbsd-arm64-1.11.2.tgz",
      "integrity": "sha512-f7owNQ9Ki6Y07KBgdXdH28EYO0eBdZuGTpIggMeHNhYFVDavxuINP2BjmbXtzpUu8K5BX6exGx0umtWhRhXbvQ==",
      "dev": true,
      "optional": true
    },
    "lefthook-openbsd-x64": {
      "version": "1.11.2",
      "resolved": "https://registry.npmjs.org/lefthook-openbsd-x64/-/lefthook-openbsd-x64-1.11.2.tgz",
      "integrity": "sha512-HKv6PV64vOjqPrlxAqo07N9+Z34jdPDBfeExqi0ldR7vACFaBJFIdhWCLLP+3uQUrNKc8GXlikqplZn8MgRSQw==",
      "dev": true,
      "optional": true
    },
    "lefthook-windows-arm64": {
      "version": "1.11.2",
      "resolved": "https://registry.npmjs.org/lefthook-windows-arm64/-/lefthook-windows-arm64-1.11.2.tgz",
      "integrity": "sha512-042jCKZ/H+lS6XYoMIf2FWMP2hxXqfAT52UW6lYObIOvQ5xu/epUXFjtmXRyYxCv57No3JYYMg1Yr06xdzTKkQ==",
      "dev": true,
      "optional": true
    },
    "lefthook-windows-x64": {
      "version": "1.11.2",
      "resolved": "https://registry.npmjs.org/lefthook-windows-x64/-/lefthook-windows-x64-1.11.2.tgz",
      "integrity": "sha512-1Map6Ck2AyfY6ptN9T19N41HFKFqRTzmILtGaRGJABEzHiE4+gSWcq5YT1R6cCtkVlewD3Lx+J/80D/Kb/cVtw==",
      "dev": true,
      "optional": true
    },
    "lunr": {
      "version": "2.3.9",
      "resolved": "https://registry.npmjs.org/lunr/-/lunr-2.3.9.tgz",
      "integrity": "sha512-zTU3DaZaF3Rt9rhN3uBMGQD3dD2/vFQqnvZCDv4dl5iOzq2IZQqTxu90r4E5J+nP70J3ilqVCrbho2eWaeW8Ow==",
      "dev": true
    },
    "lunr-languages": {
      "version": "1.14.0",
      "resolved": "https://registry.npmjs.org/lunr-languages/-/lunr-languages-1.14.0.tgz",
      "integrity": "sha512-hWUAb2KqM3L7J5bcrngszzISY4BxrXn/Xhbb9TTCJYEGqlR1nG67/M14sp09+PTIRklobrn57IAxcdcO/ZFyNA==",
      "dev": true
    },
    "prettier": {
      "version": "3.5.3",
      "resolved": "https://registry.npmjs.org/prettier/-/prettier-3.5.3.tgz",
      "integrity": "sha512-QQtaxnoDJeAkDvDKWCLiwIXkTgRhwYDEQCghU9Z6q03iyek/rxRh/2lC3HB7P8sWT2xC/y5JDctPLBIGzHKbhw==",
      "dev": true
    },
    "regexp-to-ast": {
      "version": "0.5.0",
      "resolved": "https://registry.npmjs.org/regexp-to-ast/-/regexp-to-ast-0.5.0.tgz",
      "integrity": "sha512-tlbJqcMHnPKI9zSrystikWKwHkBqu2a/Sgw01h3zFjvYrMxEDYHzzoMZnUrbIfpTFEsoRnnviOXNCzFiSc54Qw==",
      "dev": true
    }
  }
}
